
Microsoft Visual Studio Solution File, Format Version 12.00
# Visual Studio Version 17
VisualStudioVersion = 17.3.32819.101
MinimumVisualStudioVersion = 10.0.40219.1
Project("{FAE04EC0-301F-11D3-BF4B-00C04F79EFBC}") = "ImageProcessingPOne", "ImageProcessingPOne\ImageProcessingPOne.csproj", "{FFA92CB7-7724-49B6-9B66-1D03EFBDC017}"
EndProject
Global
	GlobalSection(SolutionConfigurationPlatforms) = preSolution
		Debug|Any CPU = Debug|Any CPU
		Release|Any CPU = Release|Any CPU
	EndGlobalSection
	GlobalSection(ProjectConfigurationPlatforms) = postSolution
		{FFA92CB7-7724-49B6-9B66-1D03EFBDC017}.Debug|Any CPU.ActiveCfg = Debug|Any CPU
		{FFA92CB7-7724-49B6-9B66-1D03EFBDC017}.Debug|Any CPU.Build.0 = Debug|Any CPU
		{FFA92CB7-7724-49B6-9B66-1D03EFBDC017}.Release|Any CPU.ActiveCfg = Release|Any CPU
		{FFA92CB7-7724-49B6-9B66-1D03EFBDC017}.Release|Any CPU.Build.0 = Release|Any CPU
	EndGlobalSection
	GlobalSection(SolutionProperties) = preSolution
		HideSolutionNode = FALSE
	EndGlobalSection
	GlobalSection(ExtensibilityGlobals) = postSolution
		SolutionGuid = {493E54DF-736D-481B-9FB4-3F6B6F6A3FD8}
	EndGlobalSection
EndGlobal
